
Microsoft Visual Studio Solution File, Format Version 12.00
# Visual Studio 14
VisualStudioVersion = 14.0.25123.0
MinimumVisualStudioVersion = 10.0.40219.1
Project("{D8B09B10-0F74-4E25-AACC-9FF5F712898B}") = "Sitecore.Support.212068", "Sitecore.Support.212068\Sitecore.Support.212068.csproj", "{DE9635F9-A4B7-42EE-97B8-0239A8C20AA4}"
EndProject
Global
	GlobalSection(SolutionConfigurationPlatforms) = preSolution
		Debug|Any CPU = Debug|Any CPU
		Release|Any CPU = Release|Any CPU
	EndGlobalSection
	GlobalSection(ProjectConfigurationPlatforms) = postSolution
		{DE9635F9-A4B7-42EE-97B8-0239A8C20AA4}.Debug|Any CPU.ActiveCfg = Debug|Any CPU
		{DE9635F9-A4B7-42EE-97B8-0239A8C20AA4}.Debug|Any CPU.Build.0 = Debug|Any CPU
		{DE9635F9-A4B7-42EE-97B8-0239A8C20AA4}.Release|Any CPU.ActiveCfg = Release|Any CPU
		{DE9635F9-A4B7-42EE-97B8-0239A8C20AA4}.Release|Any CPU.Build.0 = Release|Any CPU
	EndGlobalSection
	GlobalSection(SolutionProperties) = preSolution
		HideSolutionNode = FALSE
	EndGlobalSection
EndGlobal
